
Microsoft Visual Studio Solution File, Format Version 12.00
# Visual Studio 14
VisualStudioVersion = 14.0.24720.0
MinimumVisualStudioVersion = 10.0.40219.1
Project("{FAE04EC0-301F-11D3-BF4B-00C04F79EFBC}") = "GSWA.WebUI", "GSWA.WebUI\GSWA.WebUI.csproj", "{6BED68A3-6C2D-440A-8693-6A9522EA1A68}"
EndProject
Project("{FAE04EC0-301F-11D3-BF4B-00C04F79EFBC}") = "GSWA.Tests", "GSWA.Tests\GSWA.Tests.csproj", "{DF9E85D2-E92C-4DFC-A722-37B5D86A9816}"
EndProject
Project("{FAE04EC0-301F-11D3-BF4B-00C04F79EFBC}") = "GSWA.Domain", "GSWA.Domain\GSWA.Domain.csproj", "{6412CF60-4B8F-4A1D-9362-DB1308A51591}"
EndProject
Global
	GlobalSection(SolutionConfigurationPlatforms) = preSolution
		Debug|Any CPU = Debug|Any CPU
		Release|Any CPU = Release|Any CPU
	EndGlobalSection
	GlobalSection(ProjectConfigurationPlatforms) = postSolution
		{6BED68A3-6C2D-440A-8693-6A9522EA1A68}.Debug|Any CPU.ActiveCfg = Debug|Any CPU
		{6BED68A3-6C2D-440A-8693-6A9522EA1A68}.Debug|Any CPU.Build.0 = Debug|Any CPU
		{6BED68A3-6C2D-440A-8693-6A9522EA1A68}.Release|Any CPU.ActiveCfg = Release|Any CPU
		{6BED68A3-6C2D-440A-8693-6A9522EA1A68}.Release|Any CPU.Build.0 = Release|Any CPU
		{DF9E85D2-E92C-4DFC-A722-37B5D86A9816}.Debug|Any CPU.ActiveCfg = Debug|Any CPU
		{DF9E85D2-E92C-4DFC-A722-37B5D86A9816}.Debug|Any CPU.Build.0 = Debug|Any CPU
		{DF9E85D2-E92C-4DFC-A722-37B5D86A9816}.Release|Any CPU.ActiveCfg = Release|Any CPU
		{DF9E85D2-E92C-4DFC-A722-37B5D86A9816}.Release|Any CPU.Build.0 = Release|Any CPU
		{6412CF60-4B8F-4A1D-9362-DB1308A51591}.Debug|Any CPU.ActiveCfg = Debug|Any CPU
		{6412CF60-4B8F-4A1D-9362-DB1308A51591}.Debug|Any CPU.Build.0 = Debug|Any CPU
		{6412CF60-4B8F-4A1D-9362-DB1308A51591}.Release|Any CPU.ActiveCfg = Release|Any CPU
		{6412CF60-4B8F-4A1D-9362-DB1308A51591}.Release|Any CPU.Build.0 = Release|Any CPU
	EndGlobalSection
	GlobalSection(SolutionProperties) = preSolution
		HideSolutionNode = FALSE
	EndGlobalSection
EndGlobal
